
Microsoft Visual Studio Solution File, Format Version 12.00
# Visual Studio Version 17
VisualStudioVersion = 17.10.35122.118
MinimumVisualStudioVersion = 10.0.40219.1
Project("{FAE04EC0-301F-11D3-BF4B-00C04F79EFBC}") = "politicalTriangle", "politicalTriangle\politicalTriangle.csproj", "{AE8FE57F-5AAE-4372-802E-B69551509127}"
EndProject
Global
	GlobalSection(SolutionConfigurationPlatforms) = preSolution
		Debug|Any CPU = Debug|Any CPU
		Release|Any CPU = Release|Any CPU
	EndGlobalSection
	GlobalSection(ProjectConfigurationPlatforms) = postSolution
		{AE8FE57F-5AAE-4372-802E-B69551509127}.Debug|Any CPU.ActiveCfg = Debug|Any CPU
		{AE8FE57F-5AAE-4372-802E-B69551509127}.Debug|Any CPU.Build.0 = Debug|Any CPU
		{AE8FE57F-5AAE-4372-802E-B69551509127}.Release|Any CPU.ActiveCfg = Release|Any CPU
		{AE8FE57F-5AAE-4372-802E-B69551509127}.Release|Any CPU.Build.0 = Release|Any CPU
	EndGlobalSection
	GlobalSection(SolutionProperties) = preSolution
		HideSolutionNode = FALSE
	EndGlobalSection
	GlobalSection(ExtensibilityGlobals) = postSolution
		SolutionGuid = {66B1893D-2DBA-42C8-89DB-60B2D98BAD66}
	EndGlobalSection
EndGlobal
